
Microsoft Visual Studio Solution File, Format Version 12.00
# Visual Studio 15
VisualStudioVersion = 15.0.26730.8
MinimumVisualStudioVersion = 10.0.40219.1
Project("{FAE04EC0-301F-11D3-BF4B-00C04F79EFBC}") = "C17 Ex02 Zamir 305701799 Asaf 305708356", "ConsoleApp1\C17 Ex02 Zamir 305701799 Asaf 305708356.csproj", "{C5EDE3DA-C0DC-48F2-A855-E3F9D2B10EA5}"
EndProject
Global
	GlobalSection(SolutionConfigurationPlatforms) = preSolution
		Debug|Any CPU = Debug|Any CPU
		Release|Any CPU = Release|Any CPU
	EndGlobalSection
	GlobalSection(ProjectConfigurationPlatforms) = postSolution
		{C5EDE3DA-C0DC-48F2-A855-E3F9D2B10EA5}.Debug|Any CPU.ActiveCfg = Debug|Any CPU
		{C5EDE3DA-C0DC-48F2-A855-E3F9D2B10EA5}.Debug|Any CPU.Build.0 = Debug|Any CPU
		{C5EDE3DA-C0DC-48F2-A855-E3F9D2B10EA5}.Release|Any CPU.ActiveCfg = Release|Any CPU
		{C5EDE3DA-C0DC-48F2-A855-E3F9D2B10EA5}.Release|Any CPU.Build.0 = Release|Any CPU
	EndGlobalSection
	GlobalSection(SolutionProperties) = preSolution
		HideSolutionNode = FALSE
	EndGlobalSection
	GlobalSection(ExtensibilityGlobals) = postSolution
		SolutionGuid = {3BD11E9F-282A-46E9-AF18-056520E72B36}
	EndGlobalSection
EndGlobal
